
Microsoft Visual Studio Solution File, Format Version 12.00
# Visual Studio 15
VisualStudioVersion = 15.0.28307.168
MinimumVisualStudioVersion = 10.0.40219.1
Project("{FAE04EC0-301F-11D3-BF4B-00C04F79EFBC}") = "Server", "Server\Server.csproj", "{9067087C-4DA2-4E8A-ACAF-ACDA8FD7451B}"
EndProject
Global
	GlobalSection(SolutionConfigurationPlatforms) = preSolution
		Debug|Any CPU = Debug|Any CPU
		Release|Any CPU = Release|Any CPU
	EndGlobalSection
	GlobalSection(ProjectConfigurationPlatforms) = postSolution
		{9067087C-4DA2-4E8A-ACAF-ACDA8FD7451B}.Debug|Any CPU.ActiveCfg = Debug|Any CPU
		{9067087C-4DA2-4E8A-ACAF-ACDA8FD7451B}.Debug|Any CPU.Build.0 = Debug|Any CPU
		{9067087C-4DA2-4E8A-ACAF-ACDA8FD7451B}.Release|Any CPU.ActiveCfg = Release|Any CPU
		{9067087C-4DA2-4E8A-ACAF-ACDA8FD7451B}.Release|Any CPU.Build.0 = Release|Any CPU
	EndGlobalSection
	GlobalSection(SolutionProperties) = preSolution
		HideSolutionNode = FALSE
	EndGlobalSection
	GlobalSection(ExtensibilityGlobals) = postSolution
		SolutionGuid = {2203CEB5-793C-4F6B-8F1C-DD9F62D5037B}
	EndGlobalSection
EndGlobal
